
Microsoft Visual Studio Solution File, Format Version 12.00
# Visual Studio Version 17
VisualStudioVersion = 17.5.33414.496
MinimumVisualStudioVersion = 10.0.40219.1
Project("{FAE04EC0-301F-11D3-BF4B-00C04F79EFBC}") = "Restaurant", "Restaurant.csproj", "{AEDAE1B2-D9D3-457E-AFCA-B4C99E8A8120}"
EndProject
Global
	GlobalSection(SolutionConfigurationPlatforms) = preSolution
		Debug|Any CPU = Debug|Any CPU
		Release|Any CPU = Release|Any CPU
	EndGlobalSection
	GlobalSection(ProjectConfigurationPlatforms) = postSolution
		{AEDAE1B2-D9D3-457E-AFCA-B4C99E8A8120}.Debug|Any CPU.ActiveCfg = Debug|Any CPU
		{AEDAE1B2-D9D3-457E-AFCA-B4C99E8A8120}.Debug|Any CPU.Build.0 = Debug|Any CPU
		{AEDAE1B2-D9D3-457E-AFCA-B4C99E8A8120}.Release|Any CPU.ActiveCfg = Release|Any CPU
		{AEDAE1B2-D9D3-457E-AFCA-B4C99E8A8120}.Release|Any CPU.Build.0 = Release|Any CPU
	EndGlobalSection
	GlobalSection(SolutionProperties) = preSolution
		HideSolutionNode = FALSE
	EndGlobalSection
	GlobalSection(ExtensibilityGlobals) = postSolution
		SolutionGuid = {38593636-57EE-4B8B-BE76-5162D5B35E25}
	EndGlobalSection
EndGlobal
